
Microsoft Visual Studio Solution File, Format Version 12.00
# Visual Studio Version 17
VisualStudioVersion = 17.8.34330.188
MinimumVisualStudioVersion = 10.0.40219.1
Project("{FAE04EC0-301F-11D3-BF4B-00C04F79EFBC}") = "Phase1Section3.6", "Phase1Section3.6\Phase1Section3.6.csproj", "{F665F9AC-C5BD-48B3-8B3D-91FC60368C1B}"
EndProject
Global
	GlobalSection(SolutionConfigurationPlatforms) = preSolution
		Debug|Any CPU = Debug|Any CPU
		Release|Any CPU = Release|Any CPU
	EndGlobalSection
	GlobalSection(ProjectConfigurationPlatforms) = postSolution
		{F665F9AC-C5BD-48B3-8B3D-91FC60368C1B}.Debug|Any CPU.ActiveCfg = Debug|Any CPU
		{F665F9AC-C5BD-48B3-8B3D-91FC60368C1B}.Debug|Any CPU.Build.0 = Debug|Any CPU
		{F665F9AC-C5BD-48B3-8B3D-91FC60368C1B}.Release|Any CPU.ActiveCfg = Release|Any CPU
		{F665F9AC-C5BD-48B3-8B3D-91FC60368C1B}.Release|Any CPU.Build.0 = Release|Any CPU
	EndGlobalSection
	GlobalSection(SolutionProperties) = preSolution
		HideSolutionNode = FALSE
	EndGlobalSection
	GlobalSection(ExtensibilityGlobals) = postSolution
		SolutionGuid = {AFB127AD-77A8-42BF-9E86-35D5D1C76A94}
	EndGlobalSection
EndGlobal
